
Microsoft Visual Studio Solution File, Format Version 12.00
# Visual Studio Version 17
VisualStudioVersion = 17.4.33213.308
MinimumVisualStudioVersion = 10.0.40219.1
Project("{FAE04EC0-301F-11D3-BF4B-00C04F79EFBC}") = "EjerciciosSemana2Eduard", "EjerciciosSemana2Eduard\EjerciciosSemana2Eduard.csproj", "{2822306C-9732-4756-BC28-28F08DFC3C15}"
EndProject
Global
	GlobalSection(SolutionConfigurationPlatforms) = preSolution
		Debug|Any CPU = Debug|Any CPU
		Release|Any CPU = Release|Any CPU
	EndGlobalSection
	GlobalSection(ProjectConfigurationPlatforms) = postSolution
		{2822306C-9732-4756-BC28-28F08DFC3C15}.Debug|Any CPU.ActiveCfg = Debug|Any CPU
		{2822306C-9732-4756-BC28-28F08DFC3C15}.Debug|Any CPU.Build.0 = Debug|Any CPU
		{2822306C-9732-4756-BC28-28F08DFC3C15}.Release|Any CPU.ActiveCfg = Release|Any CPU
		{2822306C-9732-4756-BC28-28F08DFC3C15}.Release|Any CPU.Build.0 = Release|Any CPU
	EndGlobalSection
	GlobalSection(SolutionProperties) = preSolution
		HideSolutionNode = FALSE
	EndGlobalSection
	GlobalSection(ExtensibilityGlobals) = postSolution
		SolutionGuid = {6FC130F1-1AD0-4376-9173-543A66BB239B}
	EndGlobalSection
EndGlobal
